
Microsoft Visual Studio Solution File, Format Version 12.00
# Visual Studio Version 17
VisualStudioVersion = 17.4.33103.184
MinimumVisualStudioVersion = 10.0.40219.1
Project("{FAE04EC0-301F-11D3-BF4B-00C04F79EFBC}") = "shooter2", "shooter2\shooter2.csproj", "{389534E8-DD4A-4D66-B283-464CDFBE7AB9}"
EndProject
Global
	GlobalSection(SolutionConfigurationPlatforms) = preSolution
		Debug|Any CPU = Debug|Any CPU
		Release|Any CPU = Release|Any CPU
	EndGlobalSection
	GlobalSection(ProjectConfigurationPlatforms) = postSolution
		{389534E8-DD4A-4D66-B283-464CDFBE7AB9}.Debug|Any CPU.ActiveCfg = Debug|Any CPU
		{389534E8-DD4A-4D66-B283-464CDFBE7AB9}.Debug|Any CPU.Build.0 = Debug|Any CPU
		{389534E8-DD4A-4D66-B283-464CDFBE7AB9}.Release|Any CPU.ActiveCfg = Release|Any CPU
		{389534E8-DD4A-4D66-B283-464CDFBE7AB9}.Release|Any CPU.Build.0 = Release|Any CPU
	EndGlobalSection
	GlobalSection(SolutionProperties) = preSolution
		HideSolutionNode = FALSE
	EndGlobalSection
	GlobalSection(ExtensibilityGlobals) = postSolution
		SolutionGuid = {657687C6-EC72-4F2F-939B-515C588EC824}
	EndGlobalSection
EndGlobal
